
Microsoft Visual Studio Solution File, Format Version 12.00
# Visual Studio Version 17
VisualStudioVersion = 17.3.32825.248
MinimumVisualStudioVersion = 10.0.40219.1
Project("{FAE04EC0-301F-11D3-BF4B-00C04F79EFBC}") = "WinFormsApp1", "WinFormsApp1\WinFormsApp1.csproj", "{F7606B4F-1D3D-4929-8301-320D225A530D}"
EndProject
Project("{FAE04EC0-301F-11D3-BF4B-00C04F79EFBC}") = "WinFormsApp2", "WinFormsApp2\WinFormsApp2.csproj", "{C79B2BF4-965D-4065-A123-4BC29B8D216C}"
EndProject
Project("{FAE04EC0-301F-11D3-BF4B-00C04F79EFBC}") = "WinFormsApp3", "WinFormsApp3\WinFormsApp3.csproj", "{D3225996-FC60-475C-976B-59A61EB2D304}"
EndProject
Project("{FAE04EC0-301F-11D3-BF4B-00C04F79EFBC}") = "WinFormsApp4", "WinFormsApp4\WinFormsApp4.csproj", "{09BDD4DB-56EE-4FB0-8A58-FA8B9AD08647}"
EndProject
Project("{FAE04EC0-301F-11D3-BF4B-00C04F79EFBC}") = "WinFormsApp5", "WinFormsApp5\WinFormsApp5.csproj", "{17C6CF35-C5E5-477A-B11E-CC3BFE58FD53}"
EndProject
Global
	GlobalSection(SolutionConfigurationPlatforms) = preSolution
		Debug|Any CPU = Debug|Any CPU
		Release|Any CPU = Release|Any CPU
	EndGlobalSection
	GlobalSection(ProjectConfigurationPlatforms) = postSolution
		{F7606B4F-1D3D-4929-8301-320D225A530D}.Debug|Any CPU.ActiveCfg = Debug|Any CPU
		{F7606B4F-1D3D-4929-8301-320D225A530D}.Debug|Any CPU.Build.0 = Debug|Any CPU
		{F7606B4F-1D3D-4929-8301-320D225A530D}.Release|Any CPU.ActiveCfg = Release|Any CPU
		{F7606B4F-1D3D-4929-8301-320D225A530D}.Release|Any CPU.Build.0 = Release|Any CPU
		{C79B2BF4-965D-4065-A123-4BC29B8D216C}.Debug|Any CPU.ActiveCfg = Debug|Any CPU
		{C79B2BF4-965D-4065-A123-4BC29B8D216C}.Debug|Any CPU.Build.0 = Debug|Any CPU
		{C79B2BF4-965D-4065-A123-4BC29B8D216C}.Release|Any CPU.ActiveCfg = Release|Any CPU
		{C79B2BF4-965D-4065-A123-4BC29B8D216C}.Release|Any CPU.Build.0 = Release|Any CPU
		{D3225996-FC60-475C-976B-59A61EB2D304}.Debug|Any CPU.ActiveCfg = Debug|Any CPU
		{D3225996-FC60-475C-976B-59A61EB2D304}.Debug|Any CPU.Build.0 = Debug|Any CPU
		{D3225996-FC60-475C-976B-59A61EB2D304}.Release|Any CPU.ActiveCfg = Release|Any CPU
		{D3225996-FC60-475C-976B-59A61EB2D304}.Release|Any CPU.Build.0 = Release|Any CPU
		{09BDD4DB-56EE-4FB0-8A58-FA8B9AD08647}.Debug|Any CPU.ActiveCfg = Debug|Any CPU
		{09BDD4DB-56EE-4FB0-8A58-FA8B9AD08647}.Debug|Any CPU.Build.0 = Debug|Any CPU
		{09BDD4DB-56EE-4FB0-8A58-FA8B9AD08647}.Release|Any CPU.ActiveCfg = Release|Any CPU
		{09BDD4DB-56EE-4FB0-8A58-FA8B9AD08647}.Release|Any CPU.Build.0 = Release|Any CPU
		{17C6CF35-C5E5-477A-B11E-CC3BFE58FD53}.Debug|Any CPU.ActiveCfg = Debug|Any CPU
		{17C6CF35-C5E5-477A-B11E-CC3BFE58FD53}.Debug|Any CPU.Build.0 = Debug|Any CPU
		{17C6CF35-C5E5-477A-B11E-CC3BFE58FD53}.Release|Any CPU.ActiveCfg = Release|Any CPU
		{17C6CF35-C5E5-477A-B11E-CC3BFE58FD53}.Release|Any CPU.Build.0 = Release|Any CPU
	EndGlobalSection
	GlobalSection(SolutionProperties) = preSolution
		HideSolutionNode = FALSE
	EndGlobalSection
	GlobalSection(ExtensibilityGlobals) = postSolution
		SolutionGuid = {A30A33FF-8FCD-48DD-8218-102DB9F733B3}
	EndGlobalSection
EndGlobal
